
Microsoft Visual Studio Solution File, Format Version 12.00
# Visual Studio Version 16
VisualStudioVersion = 16.0.29728.190
MinimumVisualStudioVersion = 10.0.40219.1
Project("{2150E333-8FDC-42A3-9474-1A3956D46DE8}") = "devOps", "devOps", "{CE31DD3A-9A3E-4A9C-8B34-27ADCFEAD47F}"
	ProjectSection(SolutionItems) = preProject
		devOps\azure-pipelines.yml = devOps\azure-pipelines.yml
	EndProjectSection
EndProject
Project("{2150E333-8FDC-42A3-9474-1A3956D46DE8}") = "scripts", "scripts", "{1C0EE0B1-7DD1-42BE-9ED3-3675965EE326}"
	ProjectSection(SolutionItems) = preProject
		devOps\scripts\ComposeAzureResourceGroupName.ps1 = devOps\scripts\ComposeAzureResourceGroupName.ps1
		devOps\scripts\ConfigureAks.ps1 = devOps\scripts\ConfigureAks.ps1
		devOps\scripts\CreateServicePrincipal.ps1 = devOps\scripts\CreateServicePrincipal.ps1
		devOps\scripts\CreateSigningCredentialCertificate.ps1 = devOps\scripts\CreateSigningCredentialCertificate.ps1
		devOps\scripts\CreateWebAppManagedIdentity.ps1 = devOps\scripts\CreateWebAppManagedIdentity.ps1
		devOps\scripts\GetAcrCredentials.ps1 = devOps\scripts\GetAcrCredentials.ps1
		devOps\scripts\RunCosmosDbEmulator.ps1 = devOps\scripts\RunCosmosDbEmulator.ps1
		devOps\scripts\SetGetListKeyVaultPolicy.ps1 = devOps\scripts\SetGetListKeyVaultPolicy.ps1
		devOps\scripts\SetKeyVaultSecret.ps1 = devOps\scripts\SetKeyVaultSecret.ps1
	EndProjectSection
EndProject
Project("{2150E333-8FDC-42A3-9474-1A3956D46DE8}") = "taskGroups", "taskGroups", "{2611EDD8-B34A-46ED-83C6-1B5B11128A3C}"
	ProjectSection(SolutionItems) = preProject
		devOps\taskGroups\ComposeAzureResourceGroupName.json = devOps\taskGroups\ComposeAzureResourceGroupName.json
		devOps\taskGroups\DeployWebApplication.json = devOps\taskGroups\DeployWebApplication.json
	EndProjectSection
EndProject
Project("{2150E333-8FDC-42A3-9474-1A3956D46DE8}") = "library", "library", "{FF77381D-E5A6-41FD-8D88-E05DF8CBA580}"
	ProjectSection(SolutionItems) = preProject
		devOps\library\DevStageVariables.json = devOps\library\DevStageVariables.json
		devOps\library\DockerStageVariables.json = devOps\library\DockerStageVariables.json
		devOps\library\GlobalVariables.json = devOps\library\GlobalVariables.json
		devOps\library\LocalStageVariables.json = devOps\library\LocalStageVariables.json
	EndProjectSection
EndProject
Project("{2150E333-8FDC-42A3-9474-1A3956D46DE8}") = "src", "src", "{FB2EB21A-1C64-4041-A402-4BBE9196D2A9}"
EndProject
Project("{2150E333-8FDC-42A3-9474-1A3956D46DE8}") = "buildingBlocks", "buildingBlocks", "{B18AC8AB-DCB4-4DD6-AA1E-6D9D79C5F494}"
EndProject
Project("{2150E333-8FDC-42A3-9474-1A3956D46DE8}") = "devOps", "devOps", "{486BF194-2AD2-4AA0-90C2-41E24F292CB3}"
	ProjectSection(SolutionItems) = preProject
		src\buildingBlocks\devOps\azure-pipelines.yml = src\buildingBlocks\devOps\azure-pipelines.yml
	EndProjectSection
EndProject
Project("{2150E333-8FDC-42A3-9474-1A3956D46DE8}") = "src", "src", "{64B23071-BAB0-45ED-A352-47141C2B11F9}"
EndProject
Project("{9A19103F-16F7-4668-BE54-9A1E7A4F7556}") = "Riva.BuildingBlocks.Core", "src\buildingBlocks\src\Riva.BuildingBlocks.Core\Riva.BuildingBlocks.Core.csproj", "{0591AC6A-50E6-43FB-952D-72E7AFB733DA}"
EndProject
Project("{9A19103F-16F7-4668-BE54-9A1E7A4F7556}") = "Riva.BuildingBlocks.Domain", "src\buildingBlocks\src\Riva.BuildingBlocks.Domain\Riva.BuildingBlocks.Domain.csproj", "{91C861D9-9274-4D2E-BB0B-2114BF1348F8}"
EndProject
Project("{9A19103F-16F7-4668-BE54-9A1E7A4F7556}") = "Riva.BuildingBlocks.Infrastructure", "src\buildingBlocks\src\Riva.BuildingBlocks.Infrastructure\Riva.BuildingBlocks.Infrastructure.csproj", "{262D5059-FFB9-4255-AA11-727A7BEB0C5D}"
EndProject
Project("{9A19103F-16F7-4668-BE54-9A1E7A4F7556}") = "Riva.BuildingBlocks.WebApi", "src\buildingBlocks\src\Riva.BuildingBlocks.WebApi\Riva.BuildingBlocks.WebApi.csproj", "{68CF2917-DD1A-4BC3-B00B-58D8BBDE9E51}"
EndProject
Project("{9A19103F-16F7-4668-BE54-9A1E7A4F7556}") = "Riva.BuildingBlocks.WebApiTest", "src\buildingBlocks\src\Riva.BuildingBlocks.WebApiTest\Riva.BuildingBlocks.WebApiTest.csproj", "{7B4DB8A6-F04A-4682-92DC-FB67661AF68D}"
EndProject
Project("{2150E333-8FDC-42A3-9474-1A3956D46DE8}") = "azureFunctions", "azureFunctions", "{F884222C-B258-4607-94FB-F9B4318D4AA0}"
EndProject
Project("{2150E333-8FDC-42A3-9474-1A3956D46DE8}") = "messages", "messages", "{81D7D510-19D6-424A-A32B-B9CDDC9BC772}"
EndProject
Project("{2150E333-8FDC-42A3-9474-1A3956D46DE8}") = "devOps", "devOps", "{4D8DBB63-6F6B-4080-A2CB-994C49A6BEBB}"
	ProjectSection(SolutionItems) = preProject
		src\azureFunctions\messages\devOps\azure-pipelines-release.json = src\azureFunctions\messages\devOps\azure-pipelines-release.json
		src\azureFunctions\messages\devOps\azure-pipelines.yml = src\azureFunctions\messages\devOps\azure-pipelines.yml
	EndProjectSection
EndProject
Project("{2150E333-8FDC-42A3-9474-1A3956D46DE8}") = "src", "src", "{9BC9FCDD-7CF6-4BB1-956A-8A3A991F3623}"
EndProject
Project("{9A19103F-16F7-4668-BE54-9A1E7A4F7556}") = "Riva.Messages", "src\azureFunctions\messages\src\Riva.Messages\Riva.Messages.csproj", "{C492F803-39CB-4A85-92BD-D3EA00DEF919}"
EndProject
Project("{2150E333-8FDC-42A3-9474-1A3956D46DE8}") = "tests", "tests", "{F879BFF5-17F2-4A02-B903-9912FBB97B42}"
EndProject
Project("{9A19103F-16F7-4668-BE54-9A1E7A4F7556}") = "Riva.Messages.Test", "src\azureFunctions\messages\tests\Riva.Messages.Test\Riva.Messages.Test.csproj", "{613ADBE7-8C3E-43E4-88C6-7C06F8E36A2E}"
EndProject
Project("{2150E333-8FDC-42A3-9474-1A3956D46DE8}") = "services", "services", "{2009E535-9DE3-4D3B-B9FB-97BC32D67536}"
EndProject
Project("{2150E333-8FDC-42A3-9474-1A3956D46DE8}") = "identity", "identity", "{14DE0A9E-038B-4B3B-AB5E-90582373B1B5}"
EndProject
Project("{2150E333-8FDC-42A3-9474-1A3956D46DE8}") = "devOps", "devOps", "{16130CA0-716A-4F97-A20D-6B9AF90FD835}"
	ProjectSection(SolutionItems) = preProject
		src\services\identity\devOps\api-azure-pipelines-release.json = src\services\identity\devOps\api-azure-pipelines-release.json
		src\services\identity\devOps\api-azure-pipelines.yml = src\services\identity\devOps\api-azure-pipelines.yml
		src\services\identity\devOps\web-azure-pipelines-release.json = src\services\identity\devOps\web-azure-pipelines-release.json
		src\services\identity\devOps\web-azure-pipelines.yml = src\services\identity\devOps\web-azure-pipelines.yml
	EndProjectSection
EndProject
Project("{2150E333-8FDC-42A3-9474-1A3956D46DE8}") = "src", "src", "{6E6DDCD6-00F0-470F-B077-73BF7B73106B}"
EndProject
Project("{2150E333-8FDC-42A3-9474-1A3956D46DE8}") = "tests", "tests", "{0AFC274A-5E7C-4BA7-B807-F2DF3BDD515F}"
EndProject
Project("{9A19103F-16F7-4668-BE54-9A1E7A4F7556}") = "Riva.Identity.Core", "src\services\identity\src\Riva.Identity.Core\Riva.Identity.Core.csproj", "{9C692E72-3295-46B0-9A33-AB0022965903}"
EndProject
Project("{9A19103F-16F7-4668-BE54-9A1E7A4F7556}") = "Riva.Identity.Domain", "src\services\identity\src\Riva.Identity.Domain\Riva.Identity.Domain.csproj", "{DE3909B4-0783-40B1-9720-9FDB28F8F947}"
EndProject
Project("{9A19103F-16F7-4668-BE54-9A1E7A4F7556}") = "Riva.Identity.Infrastructure", "src\services\identity\src\Riva.Identity.Infrastructure\Riva.Identity.Infrastructure.csproj", "{6DB63FE6-0FF1-44B3-853B-F2F3CCB32669}"
EndProject
Project("{9A19103F-16F7-4668-BE54-9A1E7A4F7556}") = "Riva.Identity.Web", "src\services\identity\src\Riva.Identity.Web\Riva.Identity.Web.csproj", "{610A0E1D-DF58-4229-B29A-75716C2E0853}"
EndProject
Project("{9A19103F-16F7-4668-BE54-9A1E7A4F7556}") = "Riva.Identity.Web.Api", "src\services\identity\src\Riva.Identity.Web.Api\Riva.Identity.Web.Api.csproj", "{8888CA1E-412F-4BC5-B86E-500112923B92}"
EndProject
Project("{9A19103F-16F7-4668-BE54-9A1E7A4F7556}") = "Riva.Identity.Core.Test", "src\services\identity\tests\Riva.Identity.Core.Test\Riva.Identity.Core.Test.csproj", "{761810C3-CC54-4843-A18D-53FC8EE1F49C}"
EndProject
Project("{9A19103F-16F7-4668-BE54-9A1E7A4F7556}") = "Riva.Identity.Domain.Test", "src\services\identity\tests\Riva.Identity.Domain.Test\Riva.Identity.Domain.Test.csproj", "{9F1EBB8C-0371-4CC0-B580-E90D72943E01}"
EndProject
Project("{9A19103F-16F7-4668-BE54-9A1E7A4F7556}") = "Riva.Identity.Infrastructure.Test", "src\services\identity\tests\Riva.Identity.Infrastructure.Test\Riva.Identity.Infrastructure.Test.csproj", "{9C4FFF98-6890-4235-B688-57443A566BA3}"
EndProject
Project("{9A19103F-16F7-4668-BE54-9A1E7A4F7556}") = "Riva.Identity.Web.Test", "src\services\identity\tests\Riva.Identity.Web.Test\Riva.Identity.Web.Test.csproj", "{118BA338-2A0B-4F20-97C0-FC8D9021388E}"
EndProject
Project("{9A19103F-16F7-4668-BE54-9A1E7A4F7556}") = "Riva.Identity.Web.Api.Test", "src\services\identity\tests\Riva.Identity.Web.Api.Test\Riva.Identity.Web.Api.Test.csproj", "{D2C75684-2986-46A5-ABF1-1CC128BB7A95}"
EndProject
Project("{2150E333-8FDC-42A3-9474-1A3956D46DE8}") = "postman", "postman", "{F96D675B-196B-4207-8594-168326C3D400}"
	ProjectSection(SolutionItems) = preProject
		postman\Riva.postman_collection.json = postman\Riva.postman_collection.json
		postman\Riva.postman_environment.json = postman\Riva.postman_environment.json
	EndProjectSection
EndProject
Project("{2150E333-8FDC-42A3-9474-1A3956D46DE8}") = "administrativeDivisions", "administrativeDivisions", "{2131249D-92F8-49F4-B7AE-841182E69BE1}"
EndProject
Project("{2150E333-8FDC-42A3-9474-1A3956D46DE8}") = "devOps", "devOps", "{4A3D07F7-3920-41B1-B26A-7DD718BB9DD9}"
	ProjectSection(SolutionItems) = preProject
		src\services\administrativeDivisions\devOps\azure-pipelines-release.json = src\services\administrativeDivisions\devOps\azure-pipelines-release.json
		src\services\administrativeDivisions\devOps\azure-pipelines.yml = src\services\administrativeDivisions\devOps\azure-pipelines.yml
	EndProjectSection
EndProject
Project("{2150E333-8FDC-42A3-9474-1A3956D46DE8}") = "src", "src", "{461C794C-4E67-42CD-899A-B06922466B92}"
EndProject
Project("{2150E333-8FDC-42A3-9474-1A3956D46DE8}") = "tests", "tests", "{D9B2C90D-1715-4206-BB88-4563807B8829}"
EndProject
Project("{9A19103F-16F7-4668-BE54-9A1E7A4F7556}") = "Riva.AdministrativeDivisions.Core", "src\services\administrativeDivisions\src\Riva.AdministrativeDivisions.Core\Riva.AdministrativeDivisions.Core.csproj", "{0FFF6284-AC54-4689-BD97-3E1151873C20}"
EndProject
Project("{9A19103F-16F7-4668-BE54-9A1E7A4F7556}") = "Riva.AdministrativeDivisions.Domain", "src\services\administrativeDivisions\src\Riva.AdministrativeDivisions.Domain\Riva.AdministrativeDivisions.Domain.csproj", "{CC6680F2-6544-43D9-A994-FDEC1AEB9561}"
EndProject
Project("{9A19103F-16F7-4668-BE54-9A1E7A4F7556}") = "Riva.AdministrativeDivisions.Infrastructure", "src\services\administrativeDivisions\src\Riva.AdministrativeDivisions.Infrastructure\Riva.AdministrativeDivisions.Infrastructure.csproj", "{12E93D14-92A0-4114-9BB2-6222ED8D0A6C}"
EndProject
Project("{9A19103F-16F7-4668-BE54-9A1E7A4F7556}") = "Riva.AdministrativeDivisions.Web.Api", "src\services\administrativeDivisions\src\Riva.AdministrativeDivisions.Web.Api\Riva.AdministrativeDivisions.Web.Api.csproj", "{98B5B713-1AD3-4EBC-9BBB-CB3B90E30E1C}"
EndProject
Project("{9A19103F-16F7-4668-BE54-9A1E7A4F7556}") = "Riva.AdministrativeDivisions.Core.Test", "src\services\administrativeDivisions\tests\Riva.AdministrativeDivisions.Core.Test\Riva.AdministrativeDivisions.Core.Test.csproj", "{EAE8AE8D-F103-40C3-BED7-AD88E0F5A2EF}"
EndProject
Project("{9A19103F-16F7-4668-BE54-9A1E7A4F7556}") = "Riva.AdministrativeDivisions.Domain.Test", "src\services\administrativeDivisions\tests\Riva.AdministrativeDivisions.Domain.Test\Riva.AdministrativeDivisions.Domain.Test.csproj", "{8E45B559-7FBF-48CB-80F5-A2D1892C1558}"
EndProject
Project("{9A19103F-16F7-4668-BE54-9A1E7A4F7556}") = "Riva.AdministrativeDivisions.Infrastructure.Test", "src\services\administrativeDivisions\tests\Riva.AdministrativeDivisions.Infrastructure.Test\Riva.AdministrativeDivisions.Infrastructure.Test.csproj", "{0E28A889-8CA0-4604-9542-ED9709D55E8E}"
EndProject
Project("{9A19103F-16F7-4668-BE54-9A1E7A4F7556}") = "Riva.AdministrativeDivisions.Web.Api.Test", "src\services\administrativeDivisions\tests\Riva.AdministrativeDivisions.Web.Api.Test\Riva.AdministrativeDivisions.Web.Api.Test.csproj", "{838B6765-8306-41DE-9D9C-2BAFF13A2946}"
EndProject
Project("{2150E333-8FDC-42A3-9474-1A3956D46DE8}") = "announcements", "announcements", "{B570A786-0A92-4468-96D0-CFA57F69AA77}"
EndProject
Project("{2150E333-8FDC-42A3-9474-1A3956D46DE8}") = "devOps", "devOps", "{5913BC57-6C89-4BBD-9663-FDAF76C67127}"
	ProjectSection(SolutionItems) = preProject
		src\services\announcements\devOps\azure-pipelines-release.json = src\services\announcements\devOps\azure-pipelines-release.json
		src\services\announcements\devOps\azure-pipelines.yml = src\services\announcements\devOps\azure-pipelines.yml
	EndProjectSection
EndProject
Project("{2150E333-8FDC-42A3-9474-1A3956D46DE8}") = "src", "src", "{6CCED2F2-157F-460A-983D-765DF0081B36}"
EndProject
Project("{2150E333-8FDC-42A3-9474-1A3956D46DE8}") = "tests", "tests", "{9EB5D17D-AFDB-4AA4-AB84-41E21AB30F71}"
EndProject
Project("{9A19103F-16F7-4668-BE54-9A1E7A4F7556}") = "Riva.Announcements.Core", "src\services\announcements\src\Riva.Announcements.Core\Riva.Announcements.Core.csproj", "{C597D4B9-9BEF-425D-AD3C-FC99C19B9B0D}"
EndProject
Project("{9A19103F-16F7-4668-BE54-9A1E7A4F7556}") = "Riva.Announcements.Domain", "src\services\announcements\src\Riva.Announcements.Domain\Riva.Announcements.Domain.csproj", "{03614BEE-F16F-4787-9A08-8583880715D5}"
EndProject
Project("{9A19103F-16F7-4668-BE54-9A1E7A4F7556}") = "Riva.Announcements.Infrastructure", "src\services\announcements\src\Riva.Announcements.Infrastructure\Riva.Announcements.Infrastructure.csproj", "{56351B77-A768-4EF6-923C-F3CB326849C7}"
EndProject
Project("{9A19103F-16F7-4668-BE54-9A1E7A4F7556}") = "Riva.Announcements.Web.Api", "src\services\announcements\src\Riva.Announcements.Web.Api\Riva.Announcements.Web.Api.csproj", "{44D26D92-6FDB-4828-9D3D-807A0EEF74D5}"
EndProject
Project("{9A19103F-16F7-4668-BE54-9A1E7A4F7556}") = "Riva.Announcements.Core.Test", "src\services\announcements\tests\Riva.Announcements.Core.Test\Riva.Announcements.Core.Test.csproj", "{E338BDDC-DA20-4B16-82ED-DFFE555919D0}"
EndProject
Project("{9A19103F-16F7-4668-BE54-9A1E7A4F7556}") = "Riva.Announcements.Domain.Test", "src\services\announcements\tests\Riva.Announcements.Domain.Test\Riva.Announcements.Domain.Test.csproj", "{8EECB808-DB35-4400-A1E7-F9A04AA865B8}"
EndProject
Project("{9A19103F-16F7-4668-BE54-9A1E7A4F7556}") = "Riva.Announcements.Infrastructure.Test", "src\services\announcements\tests\Riva.Announcements.Infrastructure.Test\Riva.Announcements.Infrastructure.Test.csproj", "{FF15F22F-8A2F-44CC-9B34-FEEB740F01AD}"
EndProject
Project("{9A19103F-16F7-4668-BE54-9A1E7A4F7556}") = "Riva.Announcements.Web.Api.Test", "src\services\announcements\tests\Riva.Announcements.Web.Api.Test\Riva.Announcements.Web.Api.Test.csproj", "{405F91B7-134D-44AF-998C-36450F7B237E}"
EndProject
Project("{2150E333-8FDC-42A3-9474-1A3956D46DE8}") = "users", "users", "{DBEA926A-826B-44A8-B0A4-7B2D74D36F85}"
EndProject
Project("{2150E333-8FDC-42A3-9474-1A3956D46DE8}") = "devOps", "devOps", "{10CBEC58-7C84-4BD3-A056-0979D667DD73}"
	ProjectSection(SolutionItems) = preProject
		src\services\users\devOps\azure-pipelines-release.json = src\services\users\devOps\azure-pipelines-release.json
		src\services\users\devOps\azure-pipelines.yml = src\services\users\devOps\azure-pipelines.yml
	EndProjectSection
EndProject
Project("{2150E333-8FDC-42A3-9474-1A3956D46DE8}") = "src", "src", "{9F554404-3831-41DC-A086-BECC3F42599D}"
EndProject
Project("{2150E333-8FDC-42A3-9474-1A3956D46DE8}") = "tests", "tests", "{FE33F75F-E7A5-4F5F-80C4-FC60EBE65323}"
EndProject
Project("{9A19103F-16F7-4668-BE54-9A1E7A4F7556}") = "Riva.Users.Domain", "src\services\users\src\Riva.Users.Domain\Riva.Users.Domain.csproj", "{DF3D0B41-10B0-4C2E-92FA-D8DC515964FC}"
EndProject
Project("{9A19103F-16F7-4668-BE54-9A1E7A4F7556}") = "Riva.Users.Core", "src\services\users\src\Riva.Users.Core\Riva.Users.Core.csproj", "{EFD6B23F-6CAC-447A-A9A6-4B5D2BA2E6B7}"
EndProject
Project("{9A19103F-16F7-4668-BE54-9A1E7A4F7556}") = "Riva.Users.Infrastructure", "src\services\users\src\Riva.Users.Infrastructure\Riva.Users.Infrastructure.csproj", "{DD58D412-0CB9-4580-AB1E-EEA9EB3B1F0E}"
EndProject
Project("{9A19103F-16F7-4668-BE54-9A1E7A4F7556}") = "Riva.Users.Web.Api", "src\services\users\src\Riva.Users.Web.Api\Riva.Users.Web.Api.csproj", "{34CE9494-CBB5-4501-87E6-D059060ECE85}"
EndProject
Project("{9A19103F-16F7-4668-BE54-9A1E7A4F7556}") = "Riva.Users.Core.Test", "src\services\users\tests\Riva.Users.Core.Test\Riva.Users.Core.Test.csproj", "{DF892D2C-F2EE-448E-BF13-0448F3343592}"
EndProject
Project("{9A19103F-16F7-4668-BE54-9A1E7A4F7556}") = "Riva.Users.Domain.Test", "src\services\users\tests\Riva.Users.Domain.Test\Riva.Users.Domain.Test.csproj", "{C5D21F18-C9BA-4245-AAEA-9F9D4E4ECB24}"
EndProject
Project("{9A19103F-16F7-4668-BE54-9A1E7A4F7556}") = "Riva.Users.Infrastructure.Test", "src\services\users\tests\Riva.Users.Infrastructure.Test\Riva.Users.Infrastructure.Test.csproj", "{26D8E8EC-E90D-4410-BD5D-A56CC114C2EE}"
EndProject
Project("{9A19103F-16F7-4668-BE54-9A1E7A4F7556}") = "Riva.Users.Web.Api.Test", "src\services\users\tests\Riva.Users.Web.Api.Test\Riva.Users.Web.Api.Test.csproj", "{DCB38465-0A5C-4BC4-AB5F-4C7CEB095C3E}"
EndProject
Global
	GlobalSection(SolutionConfigurationPlatforms) = preSolution
		Debug|Any CPU = Debug|Any CPU
		Release|Any CPU = Release|Any CPU
	EndGlobalSection
	GlobalSection(ProjectConfigurationPlatforms) = postSolution
		{0591AC6A-50E6-43FB-952D-72E7AFB733DA}.Debug|Any CPU.ActiveCfg = Debug|Any CPU
		{0591AC6A-50E6-43FB-952D-72E7AFB733DA}.Debug|Any CPU.Build.0 = Debug|Any CPU
		{0591AC6A-50E6-43FB-952D-72E7AFB733DA}.Release|Any CPU.ActiveCfg = Release|Any CPU
		{0591AC6A-50E6-43FB-952D-72E7AFB733DA}.Release|Any CPU.Build.0 = Release|Any CPU
		{91C861D9-9274-4D2E-BB0B-2114BF1348F8}.Debug|Any CPU.ActiveCfg = Debug|Any CPU
		{91C861D9-9274-4D2E-BB0B-2114BF1348F8}.Debug|Any CPU.Build.0 = Debug|Any CPU
		{91C861D9-9274-4D2E-BB0B-2114BF1348F8}.Release|Any CPU.ActiveCfg = Release|Any CPU
		{91C861D9-9274-4D2E-BB0B-2114BF1348F8}.Release|Any CPU.Build.0 = Release|Any CPU
		{262D5059-FFB9-4255-AA11-727A7BEB0C5D}.Debug|Any CPU.ActiveCfg = Debug|Any CPU
		{262D5059-FFB9-4255-AA11-727A7BEB0C5D}.Debug|Any CPU.Build.0 = Debug|Any CPU
		{262D5059-FFB9-4255-AA11-727A7BEB0C5D}.Release|Any CPU.ActiveCfg = Release|Any CPU
		{262D5059-FFB9-4255-AA11-727A7BEB0C5D}.Release|Any CPU.Build.0 = Release|Any CPU
		{68CF2917-DD1A-4BC3-B00B-58D8BBDE9E51}.Debug|Any CPU.ActiveCfg = Debug|Any CPU
		{68CF2917-DD1A-4BC3-B00B-58D8BBDE9E51}.Debug|Any CPU.Build.0 = Debug|Any CPU
		{68CF2917-DD1A-4BC3-B00B-58D8BBDE9E51}.Release|Any CPU.ActiveCfg = Release|Any CPU
		{68CF2917-DD1A-4BC3-B00B-58D8BBDE9E51}.Release|Any CPU.Build.0 = Release|Any CPU
		{7B4DB8A6-F04A-4682-92DC-FB67661AF68D}.Debug|Any CPU.ActiveCfg = Debug|Any CPU
		{7B4DB8A6-F04A-4682-92DC-FB67661AF68D}.Debug|Any CPU.Build.0 = Debug|Any CPU
		{7B4DB8A6-F04A-4682-92DC-FB67661AF68D}.Release|Any CPU.ActiveCfg = Release|Any CPU
		{7B4DB8A6-F04A-4682-92DC-FB67661AF68D}.Release|Any CPU.Build.0 = Release|Any CPU
		{C492F803-39CB-4A85-92BD-D3EA00DEF919}.Debug|Any CPU.ActiveCfg = Debug|Any CPU
		{C492F803-39CB-4A85-92BD-D3EA00DEF919}.Debug|Any CPU.Build.0 = Debug|Any CPU
		{C492F803-39CB-4A85-92BD-D3EA00DEF919}.Release|Any CPU.ActiveCfg = Release|Any CPU
		{C492F803-39CB-4A85-92BD-D3EA00DEF919}.Release|Any CPU.Build.0 = Release|Any CPU
		{613ADBE7-8C3E-43E4-88C6-7C06F8E36A2E}.Debug|Any CPU.ActiveCfg = Debug|Any CPU
		{613ADBE7-8C3E-43E4-88C6-7C06F8E36A2E}.Debug|Any CPU.Build.0 = Debug|Any CPU
		{613ADBE7-8C3E-43E4-88C6-7C06F8E36A2E}.Release|Any CPU.ActiveCfg = Release|Any CPU
		{613ADBE7-8C3E-43E4-88C6-7C06F8E36A2E}.Release|Any CPU.Build.0 = Release|Any CPU
		{9C692E72-3295-46B0-9A33-AB0022965903}.Debug|Any CPU.ActiveCfg = Debug|Any CPU
		{9C692E72-3295-46B0-9A33-AB0022965903}.Debug|Any CPU.Build.0 = Debug|Any CPU
		{9C692E72-3295-46B0-9A33-AB0022965903}.Release|Any CPU.ActiveCfg = Release|Any CPU
		{9C692E72-3295-46B0-9A33-AB0022965903}.Release|Any CPU.Build.0 = Release|Any CPU
		{DE3909B4-0783-40B1-9720-9FDB28F8F947}.Debug|Any CPU.ActiveCfg = Debug|Any CPU
		{DE3909B4-0783-40B1-9720-9FDB28F8F947}.Debug|Any CPU.Build.0 = Debug|Any CPU
		{DE3909B4-0783-40B1-9720-9FDB28F8F947}.Release|Any CPU.ActiveCfg = Release|Any CPU
		{DE3909B4-0783-40B1-9720-9FDB28F8F947}.Release|Any CPU.Build.0 = Release|Any CPU
		{6DB63FE6-0FF1-44B3-853B-F2F3CCB32669}.Debug|Any CPU.ActiveCfg = Debug|Any CPU
		{6DB63FE6-0FF1-44B3-853B-F2F3CCB32669}.Debug|Any CPU.Build.0 = Debug|Any CPU
		{6DB63FE6-0FF1-44B3-853B-F2F3CCB32669}.Release|Any CPU.ActiveCfg = Release|Any CPU
		{6DB63FE6-0FF1-44B3-853B-F2F3CCB32669}.Release|Any CPU.Build.0 = Release|Any CPU
		{610A0E1D-DF58-4229-B29A-75716C2E0853}.Debug|Any CPU.ActiveCfg = Debug|Any CPU
		{610A0E1D-DF58-4229-B29A-75716C2E0853}.Debug|Any CPU.Build.0 = Debug|Any CPU
		{610A0E1D-DF58-4229-B29A-75716C2E0853}.Release|Any CPU.ActiveCfg = Release|Any CPU
		{610A0E1D-DF58-4229-B29A-75716C2E0853}.Release|Any CPU.Build.0 = Release|Any CPU
		{8888CA1E-412F-4BC5-B86E-500112923B92}.Debug|Any CPU.ActiveCfg = Debug|Any CPU
		{8888CA1E-412F-4BC5-B86E-500112923B92}.Debug|Any CPU.Build.0 = Debug|Any CPU
		{8888CA1E-412F-4BC5-B86E-500112923B92}.Release|Any CPU.ActiveCfg = Release|Any CPU
		{8888CA1E-412F-4BC5-B86E-500112923B92}.Release|Any CPU.Build.0 = Release|Any CPU
		{761810C3-CC54-4843-A18D-53FC8EE1F49C}.Debug|Any CPU.ActiveCfg = Debug|Any CPU
		{761810C3-CC54-4843-A18D-53FC8EE1F49C}.Debug|Any CPU.Build.0 = Debug|Any CPU
		{761810C3-CC54-4843-A18D-53FC8EE1F49C}.Release|Any CPU.ActiveCfg = Release|Any CPU
		{761810C3-CC54-4843-A18D-53FC8EE1F49C}.Release|Any CPU.Build.0 = Release|Any CPU
		{9F1EBB8C-0371-4CC0-B580-E90D72943E01}.Debug|Any CPU.ActiveCfg = Debug|Any CPU
		{9F1EBB8C-0371-4CC0-B580-E90D72943E01}.Debug|Any CPU.Build.0 = Debug|Any CPU
		{9F1EBB8C-0371-4CC0-B580-E90D72943E01}.Release|Any CPU.ActiveCfg = Release|Any CPU
		{9F1EBB8C-0371-4CC0-B580-E90D72943E01}.Release|Any CPU.Build.0 = Release|Any CPU
		{9C4FFF98-6890-4235-B688-57443A566BA3}.Debug|Any CPU.ActiveCfg = Debug|Any CPU
		{9C4FFF98-6890-4235-B688-57443A566BA3}.Debug|Any CPU.Build.0 = Debug|Any CPU
		{9C4FFF98-6890-4235-B688-57443A566BA3}.Release|Any CPU.ActiveCfg = Release|Any CPU
		{9C4FFF98-6890-4235-B688-57443A566BA3}.Release|Any CPU.Build.0 = Release|Any CPU
		{118BA338-2A0B-4F20-97C0-FC8D9021388E}.Debug|Any CPU.ActiveCfg = Debug|Any CPU
		{118BA338-2A0B-4F20-97C0-FC8D9021388E}.Debug|Any CPU.Build.0 = Debug|Any CPU
		{118BA338-2A0B-4F20-97C0-FC8D9021388E}.Release|Any CPU.ActiveCfg = Release|Any CPU
		{118BA338-2A0B-4F20-97C0-FC8D9021388E}.Release|Any CPU.Build.0 = Release|Any CPU
		{D2C75684-2986-46A5-ABF1-1CC128BB7A95}.Debug|Any CPU.ActiveCfg = Debug|Any CPU
		{D2C75684-2986-46A5-ABF1-1CC128BB7A95}.Debug|Any CPU.Build.0 = Debug|Any CPU
		{D2C75684-2986-46A5-ABF1-1CC128BB7A95}.Release|Any CPU.ActiveCfg = Release|Any CPU
		{D2C75684-2986-46A5-ABF1-1CC128BB7A95}.Release|Any CPU.Build.0 = Release|Any CPU
		{0FFF6284-AC54-4689-BD97-3E1151873C20}.Debug|Any CPU.ActiveCfg = Debug|Any CPU
		{0FFF6284-AC54-4689-BD97-3E1151873C20}.Debug|Any CPU.Build.0 = Debug|Any CPU
		{0FFF6284-AC54-4689-BD97-3E1151873C20}.Release|Any CPU.ActiveCfg = Release|Any CPU
		{0FFF6284-AC54-4689-BD97-3E1151873C20}.Release|Any CPU.Build.0 = Release|Any CPU
		{CC6680F2-6544-43D9-A994-FDEC1AEB9561}.Debug|Any CPU.ActiveCfg = Debug|Any CPU
		{CC6680F2-6544-43D9-A994-FDEC1AEB9561}.Debug|Any CPU.Build.0 = Debug|Any CPU
		{CC6680F2-6544-43D9-A994-FDEC1AEB9561}.Release|Any CPU.ActiveCfg = Release|Any CPU
		{CC6680F2-6544-43D9-A994-FDEC1AEB9561}.Release|Any CPU.Build.0 = Release|Any CPU
		{12E93D14-92A0-4114-9BB2-6222ED8D0A6C}.Debug|Any CPU.ActiveCfg = Debug|Any CPU
		{12E93D14-92A0-4114-9BB2-6222ED8D0A6C}.Debug|Any CPU.Build.0 = Debug|Any CPU
		{12E93D14-92A0-4114-9BB2-6222ED8D0A6C}.Release|Any CPU.ActiveCfg = Release|Any CPU
		{12E93D14-92A0-4114-9BB2-6222ED8D0A6C}.Release|Any CPU.Build.0 = Release|Any CPU
		{98B5B713-1AD3-4EBC-9BBB-CB3B90E30E1C}.Debug|Any CPU.ActiveCfg = Debug|Any CPU
		{98B5B713-1AD3-4EBC-9BBB-CB3B90E30E1C}.Debug|Any CPU.Build.0 = Debug|Any CPU
		{98B5B713-1AD3-4EBC-9BBB-CB3B90E30E1C}.Release|Any CPU.ActiveCfg = Release|Any CPU
		{98B5B713-1AD3-4EBC-9BBB-CB3B90E30E1C}.Release|Any CPU.Build.0 = Release|Any CPU
		{EAE8AE8D-F103-40C3-BED7-AD88E0F5A2EF}.Debug|Any CPU.ActiveCfg = Debug|Any CPU
		{EAE8AE8D-F103-40C3-BED7-AD88E0F5A2EF}.Debug|Any CPU.Build.0 = Debug|Any CPU
		{EAE8AE8D-F103-40C3-BED7-AD88E0F5A2EF}.Release|Any CPU.ActiveCfg = Release|Any CPU
		{EAE8AE8D-F103-40C3-BED7-AD88E0F5A2EF}.Release|Any CPU.Build.0 = Release|Any CPU
		{8E45B559-7FBF-48CB-80F5-A2D1892C1558}.Debug|Any CPU.ActiveCfg = Debug|Any CPU
		{8E45B559-7FBF-48CB-80F5-A2D1892C1558}.Debug|Any CPU.Build.0 = Debug|Any CPU
		{8E45B559-7FBF-48CB-80F5-A2D1892C1558}.Release|Any CPU.ActiveCfg = Release|Any CPU
		{8E45B559-7FBF-48CB-80F5-A2D1892C1558}.Release|Any CPU.Build.0 = Release|Any CPU
		{0E28A889-8CA0-4604-9542-ED9709D55E8E}.Debug|Any CPU.ActiveCfg = Debug|Any CPU
		{0E28A889-8CA0-4604-9542-ED9709D55E8E}.Debug|Any CPU.Build.0 = Debug|Any CPU
		{0E28A889-8CA0-4604-9542-ED9709D55E8E}.Release|Any CPU.ActiveCfg = Release|Any CPU
		{0E28A889-8CA0-4604-9542-ED9709D55E8E}.Release|Any CPU.Build.0 = Release|Any CPU
		{838B6765-8306-41DE-9D9C-2BAFF13A2946}.Debug|Any CPU.ActiveCfg = Debug|Any CPU
		{838B6765-8306-41DE-9D9C-2BAFF13A2946}.Debug|Any CPU.Build.0 = Debug|Any CPU
		{838B6765-8306-41DE-9D9C-2BAFF13A2946}.Release|Any CPU.ActiveCfg = Release|Any CPU
		{838B6765-8306-41DE-9D9C-2BAFF13A2946}.Release|Any CPU.Build.0 = Release|Any CPU
		{C597D4B9-9BEF-425D-AD3C-FC99C19B9B0D}.Debug|Any CPU.ActiveCfg = Debug|Any CPU
		{C597D4B9-9BEF-425D-AD3C-FC99C19B9B0D}.Debug|Any CPU.Build.0 = Debug|Any CPU
		{C597D4B9-9BEF-425D-AD3C-FC99C19B9B0D}.Release|Any CPU.ActiveCfg = Release|Any CPU
		{C597D4B9-9BEF-425D-AD3C-FC99C19B9B0D}.Release|Any CPU.Build.0 = Release|Any CPU
		{03614BEE-F16F-4787-9A08-8583880715D5}.Debug|Any CPU.ActiveCfg = Debug|Any CPU
		{03614BEE-F16F-4787-9A08-8583880715D5}.Debug|Any CPU.Build.0 = Debug|Any CPU
		{03614BEE-F16F-4787-9A08-8583880715D5}.Release|Any CPU.ActiveCfg = Release|Any CPU
		{03614BEE-F16F-4787-9A08-8583880715D5}.Release|Any CPU.Build.0 = Release|Any CPU
		{56351B77-A768-4EF6-923C-F3CB326849C7}.Debug|Any CPU.ActiveCfg = Debug|Any CPU
		{56351B77-A768-4EF6-923C-F3CB326849C7}.Debug|Any CPU.Build.0 = Debug|Any CPU
		{56351B77-A768-4EF6-923C-F3CB326849C7}.Release|Any CPU.ActiveCfg = Release|Any CPU
		{56351B77-A768-4EF6-923C-F3CB326849C7}.Release|Any CPU.Build.0 = Release|Any CPU
		{44D26D92-6FDB-4828-9D3D-807A0EEF74D5}.Debug|Any CPU.ActiveCfg = Debug|Any CPU
		{44D26D92-6FDB-4828-9D3D-807A0EEF74D5}.Debug|Any CPU.Build.0 = Debug|Any CPU
		{44D26D92-6FDB-4828-9D3D-807A0EEF74D5}.Release|Any CPU.ActiveCfg = Release|Any CPU
		{44D26D92-6FDB-4828-9D3D-807A0EEF74D5}.Release|Any CPU.Build.0 = Release|Any CPU
		{E338BDDC-DA20-4B16-82ED-DFFE555919D0}.Debug|Any CPU.ActiveCfg = Debug|Any CPU
		{E338BDDC-DA20-4B16-82ED-DFFE555919D0}.Debug|Any CPU.Build.0 = Debug|Any CPU
		{E338BDDC-DA20-4B16-82ED-DFFE555919D0}.Release|Any CPU.ActiveCfg = Release|Any CPU
		{E338BDDC-DA20-4B16-82ED-DFFE555919D0}.Release|Any CPU.Build.0 = Release|Any CPU
		{8EECB808-DB35-4400-A1E7-F9A04AA865B8}.Debug|Any CPU.ActiveCfg = Debug|Any CPU
		{8EECB808-DB35-4400-A1E7-F9A04AA865B8}.Debug|Any CPU.Build.0 = Debug|Any CPU
		{8EECB808-DB35-4400-A1E7-F9A04AA865B8}.Release|Any CPU.ActiveCfg = Release|Any CPU
		{8EECB808-DB35-4400-A1E7-F9A04AA865B8}.Release|Any CPU.Build.0 = Release|Any CPU
		{FF15F22F-8A2F-44CC-9B34-FEEB740F01AD}.Debug|Any CPU.ActiveCfg = Debug|Any CPU
		{FF15F22F-8A2F-44CC-9B34-FEEB740F01AD}.Debug|Any CPU.Build.0 = Debug|Any CPU
		{FF15F22F-8A2F-44CC-9B34-FEEB740F01AD}.Release|Any CPU.ActiveCfg = Release|Any CPU
		{FF15F22F-8A2F-44CC-9B34-FEEB740F01AD}.Release|Any CPU.Build.0 = Release|Any CPU
		{405F91B7-134D-44AF-998C-36450F7B237E}.Debug|Any CPU.ActiveCfg = Debug|Any CPU
		{405F91B7-134D-44AF-998C-36450F7B237E}.Debug|Any CPU.Build.0 = Debug|Any CPU
		{405F91B7-134D-44AF-998C-36450F7B237E}.Release|Any CPU.ActiveCfg = Release|Any CPU
		{405F91B7-134D-44AF-998C-36450F7B237E}.Release|Any CPU.Build.0 = Release|Any CPU
		{DF3D0B41-10B0-4C2E-92FA-D8DC515964FC}.Debug|Any CPU.ActiveCfg = Debug|Any CPU
		{DF3D0B41-10B0-4C2E-92FA-D8DC515964FC}.Debug|Any CPU.Build.0 = Debug|Any CPU
		{DF3D0B41-10B0-4C2E-92FA-D8DC515964FC}.Release|Any CPU.ActiveCfg = Release|Any CPU
		{DF3D0B41-10B0-4C2E-92FA-D8DC515964FC}.Release|Any CPU.Build.0 = Release|Any CPU
		{EFD6B23F-6CAC-447A-A9A6-4B5D2BA2E6B7}.Debug|Any CPU.ActiveCfg = Debug|Any CPU
		{EFD6B23F-6CAC-447A-A9A6-4B5D2BA2E6B7}.Debug|Any CPU.Build.0 = Debug|Any CPU
		{EFD6B23F-6CAC-447A-A9A6-4B5D2BA2E6B7}.Release|Any CPU.ActiveCfg = Release|Any CPU
		{EFD6B23F-6CAC-447A-A9A6-4B5D2BA2E6B7}.Release|Any CPU.Build.0 = Release|Any CPU
		{DD58D412-0CB9-4580-AB1E-EEA9EB3B1F0E}.Debug|Any CPU.ActiveCfg = Debug|Any CPU
		{DD58D412-0CB9-4580-AB1E-EEA9EB3B1F0E}.Debug|Any CPU.Build.0 = Debug|Any CPU
		{DD58D412-0CB9-4580-AB1E-EEA9EB3B1F0E}.Release|Any CPU.ActiveCfg = Release|Any CPU
		{DD58D412-0CB9-4580-AB1E-EEA9EB3B1F0E}.Release|Any CPU.Build.0 = Release|Any CPU
		{34CE9494-CBB5-4501-87E6-D059060ECE85}.Debug|Any CPU.ActiveCfg = Debug|Any CPU
		{34CE9494-CBB5-4501-87E6-D059060ECE85}.Debug|Any CPU.Build.0 = Debug|Any CPU
		{34CE9494-CBB5-4501-87E6-D059060ECE85}.Release|Any CPU.ActiveCfg = Release|Any CPU
		{34CE9494-CBB5-4501-87E6-D059060ECE85}.Release|Any CPU.Build.0 = Release|Any CPU
		{DF892D2C-F2EE-448E-BF13-0448F3343592}.Debug|Any CPU.ActiveCfg = Debug|Any CPU
		{DF892D2C-F2EE-448E-BF13-0448F3343592}.Debug|Any CPU.Build.0 = Debug|Any CPU
		{DF892D2C-F2EE-448E-BF13-0448F3343592}.Release|Any CPU.ActiveCfg = Release|Any CPU
		{DF892D2C-F2EE-448E-BF13-0448F3343592}.Release|Any CPU.Build.0 = Release|Any CPU
		{C5D21F18-C9BA-4245-AAEA-9F9D4E4ECB24}.Debug|Any CPU.ActiveCfg = Debug|Any CPU
		{C5D21F18-C9BA-4245-AAEA-9F9D4E4ECB24}.Debug|Any CPU.Build.0 = Debug|Any CPU
		{C5D21F18-C9BA-4245-AAEA-9F9D4E4ECB24}.Release|Any CPU.ActiveCfg = Release|Any CPU
		{C5D21F18-C9BA-4245-AAEA-9F9D4E4ECB24}.Release|Any CPU.Build.0 = Release|Any CPU
		{26D8E8EC-E90D-4410-BD5D-A56CC114C2EE}.Debug|Any CPU.ActiveCfg = Debug|Any CPU
		{26D8E8EC-E90D-4410-BD5D-A56CC114C2EE}.Debug|Any CPU.Build.0 = Debug|Any CPU
		{26D8E8EC-E90D-4410-BD5D-A56CC114C2EE}.Release|Any CPU.ActiveCfg = Release|Any CPU
		{26D8E8EC-E90D-4410-BD5D-A56CC114C2EE}.Release|Any CPU.Build.0 = Release|Any CPU
		{DCB38465-0A5C-4BC4-AB5F-4C7CEB095C3E}.Debug|Any CPU.ActiveCfg = Debug|Any CPU
		{DCB38465-0A5C-4BC4-AB5F-4C7CEB095C3E}.Debug|Any CPU.Build.0 = Debug|Any CPU
		{DCB38465-0A5C-4BC4-AB5F-4C7CEB095C3E}.Release|Any CPU.ActiveCfg = Release|Any CPU
		{DCB38465-0A5C-4BC4-AB5F-4C7CEB095C3E}.Release|Any CPU.Build.0 = Release|Any CPU
	EndGlobalSection
	GlobalSection(SolutionProperties) = preSolution
		HideSolutionNode = FALSE
	EndGlobalSection
	GlobalSection(NestedProjects) = preSolution
		{1C0EE0B1-7DD1-42BE-9ED3-3675965EE326} = {CE31DD3A-9A3E-4A9C-8B34-27ADCFEAD47F}
		{2611EDD8-B34A-46ED-83C6-1B5B11128A3C} = {CE31DD3A-9A3E-4A9C-8B34-27ADCFEAD47F}
		{FF77381D-E5A6-41FD-8D88-E05DF8CBA580} = {CE31DD3A-9A3E-4A9C-8B34-27ADCFEAD47F}
		{B18AC8AB-DCB4-4DD6-AA1E-6D9D79C5F494} = {FB2EB21A-1C64-4041-A402-4BBE9196D2A9}
		{486BF194-2AD2-4AA0-90C2-41E24F292CB3} = {B18AC8AB-DCB4-4DD6-AA1E-6D9D79C5F494}
		{64B23071-BAB0-45ED-A352-47141C2B11F9} = {B18AC8AB-DCB4-4DD6-AA1E-6D9D79C5F494}
		{0591AC6A-50E6-43FB-952D-72E7AFB733DA} = {64B23071-BAB0-45ED-A352-47141C2B11F9}
		{91C861D9-9274-4D2E-BB0B-2114BF1348F8} = {64B23071-BAB0-45ED-A352-47141C2B11F9}
		{262D5059-FFB9-4255-AA11-727A7BEB0C5D} = {64B23071-BAB0-45ED-A352-47141C2B11F9}
		{68CF2917-DD1A-4BC3-B00B-58D8BBDE9E51} = {64B23071-BAB0-45ED-A352-47141C2B11F9}
		{7B4DB8A6-F04A-4682-92DC-FB67661AF68D} = {64B23071-BAB0-45ED-A352-47141C2B11F9}
		{F884222C-B258-4607-94FB-F9B4318D4AA0} = {FB2EB21A-1C64-4041-A402-4BBE9196D2A9}
		{81D7D510-19D6-424A-A32B-B9CDDC9BC772} = {F884222C-B258-4607-94FB-F9B4318D4AA0}
		{4D8DBB63-6F6B-4080-A2CB-994C49A6BEBB} = {81D7D510-19D6-424A-A32B-B9CDDC9BC772}
		{9BC9FCDD-7CF6-4BB1-956A-8A3A991F3623} = {81D7D510-19D6-424A-A32B-B9CDDC9BC772}
		{C492F803-39CB-4A85-92BD-D3EA00DEF919} = {9BC9FCDD-7CF6-4BB1-956A-8A3A991F3623}
		{F879BFF5-17F2-4A02-B903-9912FBB97B42} = {81D7D510-19D6-424A-A32B-B9CDDC9BC772}
		{613ADBE7-8C3E-43E4-88C6-7C06F8E36A2E} = {F879BFF5-17F2-4A02-B903-9912FBB97B42}
		{2009E535-9DE3-4D3B-B9FB-97BC32D67536} = {FB2EB21A-1C64-4041-A402-4BBE9196D2A9}
		{14DE0A9E-038B-4B3B-AB5E-90582373B1B5} = {2009E535-9DE3-4D3B-B9FB-97BC32D67536}
		{16130CA0-716A-4F97-A20D-6B9AF90FD835} = {14DE0A9E-038B-4B3B-AB5E-90582373B1B5}
		{6E6DDCD6-00F0-470F-B077-73BF7B73106B} = {14DE0A9E-038B-4B3B-AB5E-90582373B1B5}
		{0AFC274A-5E7C-4BA7-B807-F2DF3BDD515F} = {14DE0A9E-038B-4B3B-AB5E-90582373B1B5}
		{9C692E72-3295-46B0-9A33-AB0022965903} = {6E6DDCD6-00F0-470F-B077-73BF7B73106B}
		{DE3909B4-0783-40B1-9720-9FDB28F8F947} = {6E6DDCD6-00F0-470F-B077-73BF7B73106B}
		{6DB63FE6-0FF1-44B3-853B-F2F3CCB32669} = {6E6DDCD6-00F0-470F-B077-73BF7B73106B}
		{610A0E1D-DF58-4229-B29A-75716C2E0853} = {6E6DDCD6-00F0-470F-B077-73BF7B73106B}
		{8888CA1E-412F-4BC5-B86E-500112923B92} = {6E6DDCD6-00F0-470F-B077-73BF7B73106B}
		{761810C3-CC54-4843-A18D-53FC8EE1F49C} = {0AFC274A-5E7C-4BA7-B807-F2DF3BDD515F}
		{9F1EBB8C-0371-4CC0-B580-E90D72943E01} = {0AFC274A-5E7C-4BA7-B807-F2DF3BDD515F}
		{9C4FFF98-6890-4235-B688-57443A566BA3} = {0AFC274A-5E7C-4BA7-B807-F2DF3BDD515F}
		{118BA338-2A0B-4F20-97C0-FC8D9021388E} = {0AFC274A-5E7C-4BA7-B807-F2DF3BDD515F}
		{D2C75684-2986-46A5-ABF1-1CC128BB7A95} = {0AFC274A-5E7C-4BA7-B807-F2DF3BDD515F}
		{2131249D-92F8-49F4-B7AE-841182E69BE1} = {2009E535-9DE3-4D3B-B9FB-97BC32D67536}
		{4A3D07F7-3920-41B1-B26A-7DD718BB9DD9} = {2131249D-92F8-49F4-B7AE-841182E69BE1}
		{461C794C-4E67-42CD-899A-B06922466B92} = {2131249D-92F8-49F4-B7AE-841182E69BE1}
		{D9B2C90D-1715-4206-BB88-4563807B8829} = {2131249D-92F8-49F4-B7AE-841182E69BE1}
		{0FFF6284-AC54-4689-BD97-3E1151873C20} = {461C794C-4E67-42CD-899A-B06922466B92}
		{CC6680F2-6544-43D9-A994-FDEC1AEB9561} = {461C794C-4E67-42CD-899A-B06922466B92}
		{12E93D14-92A0-4114-9BB2-6222ED8D0A6C} = {461C794C-4E67-42CD-899A-B06922466B92}
		{98B5B713-1AD3-4EBC-9BBB-CB3B90E30E1C} = {461C794C-4E67-42CD-899A-B06922466B92}
		{EAE8AE8D-F103-40C3-BED7-AD88E0F5A2EF} = {D9B2C90D-1715-4206-BB88-4563807B8829}
		{8E45B559-7FBF-48CB-80F5-A2D1892C1558} = {D9B2C90D-1715-4206-BB88-4563807B8829}
		{0E28A889-8CA0-4604-9542-ED9709D55E8E} = {D9B2C90D-1715-4206-BB88-4563807B8829}
		{838B6765-8306-41DE-9D9C-2BAFF13A2946} = {D9B2C90D-1715-4206-BB88-4563807B8829}
		{B570A786-0A92-4468-96D0-CFA57F69AA77} = {2009E535-9DE3-4D3B-B9FB-97BC32D67536}
		{5913BC57-6C89-4BBD-9663-FDAF76C67127} = {B570A786-0A92-4468-96D0-CFA57F69AA77}
		{6CCED2F2-157F-460A-983D-765DF0081B36} = {B570A786-0A92-4468-96D0-CFA57F69AA77}
		{9EB5D17D-AFDB-4AA4-AB84-41E21AB30F71} = {B570A786-0A92-4468-96D0-CFA57F69AA77}
		{C597D4B9-9BEF-425D-AD3C-FC99C19B9B0D} = {6CCED2F2-157F-460A-983D-765DF0081B36}
		{03614BEE-F16F-4787-9A08-8583880715D5} = {6CCED2F2-157F-460A-983D-765DF0081B36}
		{56351B77-A768-4EF6-923C-F3CB326849C7} = {6CCED2F2-157F-460A-983D-765DF0081B36}
		{44D26D92-6FDB-4828-9D3D-807A0EEF74D5} = {6CCED2F2-157F-460A-983D-765DF0081B36}
		{E338BDDC-DA20-4B16-82ED-DFFE555919D0} = {9EB5D17D-AFDB-4AA4-AB84-41E21AB30F71}
		{8EECB808-DB35-4400-A1E7-F9A04AA865B8} = {9EB5D17D-AFDB-4AA4-AB84-41E21AB30F71}
		{FF15F22F-8A2F-44CC-9B34-FEEB740F01AD} = {9EB5D17D-AFDB-4AA4-AB84-41E21AB30F71}
		{405F91B7-134D-44AF-998C-36450F7B237E} = {9EB5D17D-AFDB-4AA4-AB84-41E21AB30F71}
		{DBEA926A-826B-44A8-B0A4-7B2D74D36F85} = {2009E535-9DE3-4D3B-B9FB-97BC32D67536}
		{10CBEC58-7C84-4BD3-A056-0979D667DD73} = {DBEA926A-826B-44A8-B0A4-7B2D74D36F85}
		{9F554404-3831-41DC-A086-BECC3F42599D} = {DBEA926A-826B-44A8-B0A4-7B2D74D36F85}
		{FE33F75F-E7A5-4F5F-80C4-FC60EBE65323} = {DBEA926A-826B-44A8-B0A4-7B2D74D36F85}
		{DF3D0B41-10B0-4C2E-92FA-D8DC515964FC} = {9F554404-3831-41DC-A086-BECC3F42599D}
		{EFD6B23F-6CAC-447A-A9A6-4B5D2BA2E6B7} = {9F554404-3831-41DC-A086-BECC3F42599D}
		{DD58D412-0CB9-4580-AB1E-EEA9EB3B1F0E} = {9F554404-3831-41DC-A086-BECC3F42599D}
		{34CE9494-CBB5-4501-87E6-D059060ECE85} = {9F554404-3831-41DC-A086-BECC3F42599D}
		{DF892D2C-F2EE-448E-BF13-0448F3343592} = {FE33F75F-E7A5-4F5F-80C4-FC60EBE65323}
		{C5D21F18-C9BA-4245-AAEA-9F9D4E4ECB24} = {FE33F75F-E7A5-4F5F-80C4-FC60EBE65323}
		{26D8E8EC-E90D-4410-BD5D-A56CC114C2EE} = {FE33F75F-E7A5-4F5F-80C4-FC60EBE65323}
		{DCB38465-0A5C-4BC4-AB5F-4C7CEB095C3E} = {FE33F75F-E7A5-4F5F-80C4-FC60EBE65323}
	EndGlobalSection
	GlobalSection(ExtensibilityGlobals) = postSolution
		SolutionGuid = {EB515EEA-4055-42FC-861C-EB9BF1FC8737}
	EndGlobalSection
EndGlobal
